
Microsoft Visual Studio Solution File, Format Version 12.00
# Visual Studio 15
VisualStudioVersion = 15.0.28307.168
MinimumVisualStudioVersion = 10.0.40219.1
Project("{FAE04EC0-301F-11D3-BF4B-00C04F79EFBC}") = "C0732132-Assignment-4", "C0732132-Assignment-4\C0732132-Assignment-4.csproj", "{D804205F-ABD3-453F-A37E-042CB39A514B}"
EndProject
Global
	GlobalSection(SolutionConfigurationPlatforms) = preSolution
		Debug|Any CPU = Debug|Any CPU
		Release|Any CPU = Release|Any CPU
	EndGlobalSection
	GlobalSection(ProjectConfigurationPlatforms) = postSolution
		{D804205F-ABD3-453F-A37E-042CB39A514B}.Debug|Any CPU.ActiveCfg = Debug|Any CPU
		{D804205F-ABD3-453F-A37E-042CB39A514B}.Debug|Any CPU.Build.0 = Debug|Any CPU
		{D804205F-ABD3-453F-A37E-042CB39A514B}.Release|Any CPU.ActiveCfg = Release|Any CPU
		{D804205F-ABD3-453F-A37E-042CB39A514B}.Release|Any CPU.Build.0 = Release|Any CPU
	EndGlobalSection
	GlobalSection(SolutionProperties) = preSolution
		HideSolutionNode = FALSE
	EndGlobalSection
	GlobalSection(ExtensibilityGlobals) = postSolution
		SolutionGuid = {DA90087B-9047-4E06-B608-78CE45402A77}
	EndGlobalSection
EndGlobal
